
Microsoft Visual Studio Solution File, Format Version 12.00
# Visual Studio Version 16
VisualStudioVersion = 16.0.30717.126
MinimumVisualStudioVersion = 10.0.40219.1
Project("{FAE04EC0-301F-11D3-BF4B-00C04F79EFBC}") = "ConsoleApp06", "ConsoleApp06.csproj", "{860FCBD0-54B6-4BB2-A840-DCCD066CB41E}"
EndProject
Global
	GlobalSection(SolutionConfigurationPlatforms) = preSolution
		Debug|Any CPU = Debug|Any CPU
		Release|Any CPU = Release|Any CPU
	EndGlobalSection
	GlobalSection(ProjectConfigurationPlatforms) = postSolution
		{860FCBD0-54B6-4BB2-A840-DCCD066CB41E}.Debug|Any CPU.ActiveCfg = Debug|Any CPU
		{860FCBD0-54B6-4BB2-A840-DCCD066CB41E}.Debug|Any CPU.Build.0 = Debug|Any CPU
		{860FCBD0-54B6-4BB2-A840-DCCD066CB41E}.Release|Any CPU.ActiveCfg = Release|Any CPU
		{860FCBD0-54B6-4BB2-A840-DCCD066CB41E}.Release|Any CPU.Build.0 = Release|Any CPU
	EndGlobalSection
	GlobalSection(SolutionProperties) = preSolution
		HideSolutionNode = FALSE
	EndGlobalSection
	GlobalSection(ExtensibilityGlobals) = postSolution
		SolutionGuid = {A2CC35C6-DB36-4874-9E53-AF955E2D1B5D}
	EndGlobalSection
EndGlobal
